
Microsoft Visual Studio Solution File, Format Version 12.00
# Visual Studio Version 17
VisualStudioVersion = 17.3.32825.248
MinimumVisualStudioVersion = 10.0.40219.1
Project("{FAE04EC0-301F-11D3-BF4B-00C04F79EFBC}") = "Collary.Native", "Collary.Native\Collary.Native.csproj", "{8314AA5F-0282-4557-8556-1FFA43B52A7F}"
EndProject
Project("{FAE04EC0-301F-11D3-BF4B-00C04F79EFBC}") = "Collary", "Collary\Collary.csproj", "{AABB5F4E-7610-46AF-8BA5-3499321E6D39}"
EndProject
Global
	GlobalSection(SolutionConfigurationPlatforms) = preSolution
		Debug|Any CPU = Debug|Any CPU
		Release|Any CPU = Release|Any CPU
	EndGlobalSection
	GlobalSection(ProjectConfigurationPlatforms) = postSolution
		{8314AA5F-0282-4557-8556-1FFA43B52A7F}.Debug|Any CPU.ActiveCfg = Debug|Any CPU
		{8314AA5F-0282-4557-8556-1FFA43B52A7F}.Debug|Any CPU.Build.0 = Debug|Any CPU
		{8314AA5F-0282-4557-8556-1FFA43B52A7F}.Release|Any CPU.ActiveCfg = Release|Any CPU
		{8314AA5F-0282-4557-8556-1FFA43B52A7F}.Release|Any CPU.Build.0 = Release|Any CPU
		{AABB5F4E-7610-46AF-8BA5-3499321E6D39}.Debug|Any CPU.ActiveCfg = Debug|Any CPU
		{AABB5F4E-7610-46AF-8BA5-3499321E6D39}.Debug|Any CPU.Build.0 = Debug|Any CPU
		{AABB5F4E-7610-46AF-8BA5-3499321E6D39}.Release|Any CPU.ActiveCfg = Release|Any CPU
		{AABB5F4E-7610-46AF-8BA5-3499321E6D39}.Release|Any CPU.Build.0 = Release|Any CPU
	EndGlobalSection
	GlobalSection(SolutionProperties) = preSolution
		HideSolutionNode = FALSE
	EndGlobalSection
	GlobalSection(ExtensibilityGlobals) = postSolution
		SolutionGuid = {9219D53D-D5E0-45AD-95F9-4F171A707717}
	EndGlobalSection
EndGlobal
